Microsoft Visual Studio Solution File, Format Version 12.00
# Visual Studio 2012
Project("{FAE04EC0-301F-11D3-BF4B-00C04F79EFBC}") = "Nie chwal dnia przed zachodem słońca", "Nie chwal dnia przed zachodem słońca.csproj", "{BB21C841-7BBB-4608-870A-06C78EB9BE08}"
EndProject
Global
	GlobalSection(SolutionConfigurationPlatforms) = preSolution
	Debug|Any CPU = Debug|Any CPU
	Release|Any CPU = Release|Any CPU
	Tools|Any CPU = Tools|Any CPU
	EndGlobalSection
	GlobalSection(ProjectConfigurationPlatforms) = postSolution
		{BB21C841-7BBB-4608-870A-06C78EB9BE08}.Debug|Any CPU.ActiveCfg = Debug|Any CPU
		{BB21C841-7BBB-4608-870A-06C78EB9BE08}.Debug|Any CPU.Build.0 = Debug|Any CPU
		{BB21C841-7BBB-4608-870A-06C78EB9BE08}.Release|Any CPU.ActiveCfg = Release|Any CPU
		{BB21C841-7BBB-4608-870A-06C78EB9BE08}.Release|Any CPU.Build.0 = Release|Any CPU
		{BB21C841-7BBB-4608-870A-06C78EB9BE08}.Tools|Any CPU.ActiveCfg = Tools|Any CPU
		{BB21C841-7BBB-4608-870A-06C78EB9BE08}.Tools|Any CPU.Build.0 = Tools|Any CPU
	EndGlobalSection
EndGlobal
